
Microsoft Visual Studio Solution File, Format Version 12.00
# Visual Studio Version 17
VisualStudioVersion = 17.3.32901.215
MinimumVisualStudioVersion = 10.0.40219.1
Project("{FAE04EC0-301F-11D3-BF4B-00C04F79EFBC}") = "Ex05.MemoryGameUI", "Ex05.MemoryGameUI\Ex05.MemoryGameUI.csproj", "{403FCB97-447D-4923-B8D6-65CF79611ACB}"
EndProject
Project("{FAE04EC0-301F-11D3-BF4B-00C04F79EFBC}") = "Ex05.MemoryGameLogic", "Ex05.MemoryGameLogic\Ex05.MemoryGameLogic.csproj", "{4DE9D263-8749-4ABC-8504-854FA1874908}"
EndProject
Global
	GlobalSection(SolutionConfigurationPlatforms) = preSolution
		Debug|Any CPU = Debug|Any CPU
		Release|Any CPU = Release|Any CPU
	EndGlobalSection
	GlobalSection(ProjectConfigurationPlatforms) = postSolution
		{403FCB97-447D-4923-B8D6-65CF79611ACB}.Debug|Any CPU.ActiveCfg = Debug|Any CPU
		{403FCB97-447D-4923-B8D6-65CF79611ACB}.Debug|Any CPU.Build.0 = Debug|Any CPU
		{403FCB97-447D-4923-B8D6-65CF79611ACB}.Release|Any CPU.ActiveCfg = Release|Any CPU
		{403FCB97-447D-4923-B8D6-65CF79611ACB}.Release|Any CPU.Build.0 = Release|Any CPU
		{4DE9D263-8749-4ABC-8504-854FA1874908}.Debug|Any CPU.ActiveCfg = Debug|Any CPU
		{4DE9D263-8749-4ABC-8504-854FA1874908}.Debug|Any CPU.Build.0 = Debug|Any CPU
		{4DE9D263-8749-4ABC-8504-854FA1874908}.Release|Any CPU.ActiveCfg = Release|Any CPU
		{4DE9D263-8749-4ABC-8504-854FA1874908}.Release|Any CPU.Build.0 = Release|Any CPU
	EndGlobalSection
	GlobalSection(SolutionProperties) = preSolution
		HideSolutionNode = FALSE
	EndGlobalSection
	GlobalSection(ExtensibilityGlobals) = postSolution
		SolutionGuid = {9A7E6AB7-9985-41C4-B629-2A1E0944E6E7}
	EndGlobalSection
EndGlobal
